
Microsoft Visual Studio Solution File, Format Version 12.00
# Visual Studio Version 16
VisualStudioVersion = 25.0.1706.1
MinimumVisualStudioVersion = 10.0.40219.1
Project("{FAE04EC0-301F-11D3-BF4B-00C04F79EFBC}") = "TODOListApi", "TODOListApi\TODOListApi.csproj", "{493CA1D0-4E71-4053-85AD-3CB19EF210B7}"
EndProject
Project("{FAE04EC0-301F-11D3-BF4B-00C04F79EFBC}") = "TodoListTest", "TodoListTest\TodoListTest.csproj", "{3E7C42E8-599E-4E36-8BA5-AAADAD52D167}"
EndProject
Global
	GlobalSection(SolutionConfigurationPlatforms) = preSolution
		Debug|Any CPU = Debug|Any CPU
		Release|Any CPU = Release|Any CPU
	EndGlobalSection
	GlobalSection(ProjectConfigurationPlatforms) = postSolution
		{493CA1D0-4E71-4053-85AD-3CB19EF210B7}.Debug|Any CPU.ActiveCfg = Debug|Any CPU
		{493CA1D0-4E71-4053-85AD-3CB19EF210B7}.Debug|Any CPU.Build.0 = Debug|Any CPU
		{493CA1D0-4E71-4053-85AD-3CB19EF210B7}.Release|Any CPU.ActiveCfg = Release|Any CPU
		{493CA1D0-4E71-4053-85AD-3CB19EF210B7}.Release|Any CPU.Build.0 = Release|Any CPU
		{3E7C42E8-599E-4E36-8BA5-AAADAD52D167}.Debug|Any CPU.ActiveCfg = Debug|Any CPU
		{3E7C42E8-599E-4E36-8BA5-AAADAD52D167}.Debug|Any CPU.Build.0 = Debug|Any CPU
		{3E7C42E8-599E-4E36-8BA5-AAADAD52D167}.Release|Any CPU.ActiveCfg = Release|Any CPU
		{3E7C42E8-599E-4E36-8BA5-AAADAD52D167}.Release|Any CPU.Build.0 = Release|Any CPU
	EndGlobalSection
	GlobalSection(SolutionProperties) = preSolution
		HideSolutionNode = FALSE
	EndGlobalSection
	GlobalSection(ExtensibilityGlobals) = postSolution
		SolutionGuid = {05FA353A-7FDB-4B24-8E45-F88E27E0FD5B}
	EndGlobalSection
EndGlobal
